
Microsoft Visual Studio Solution File, Format Version 12.00
# Visual Studio 2012
Project("{2150E333-8FDC-42A3-9474-1A3956D46DE8}") = ".nuget", ".nuget", "{B3E5C36D-61DB-4710-A43C-71E97D6D32E4}"
	ProjectSection(SolutionItems) = preProject
		.nuget\NuGet.Config = .nuget\NuGet.Config
		.nuget\NuGet.exe = .nuget\NuGet.exe
		.nuget\NuGet.targets = .nuget\NuGet.targets
	EndProjectSection
EndProject
Project("{2150E333-8FDC-42A3-9474-1A3956D46DE8}") = "Server", "Server", "{45F076B4-7668-4889-BC7C-053165AE47DE}"
EndProject
Project("{FAE04EC0-301F-11D3-BF4B-00C04F79EFBC}") = "Adaptive.ReactiveTrader.Server.GUI", "Adaptive.ReactiveTrader.Server.GUI\Adaptive.ReactiveTrader.Server.GUI.csproj", "{70579FD7-DAC6-41D0-87CD-BB7D25EDA137}"
EndProject
Project("{FAE04EC0-301F-11D3-BF4B-00C04F79EFBC}") = "Adaptive.ReactiveTrader.Server.Domain", "Adaptive.ReactiveTrader.Server.Domain\Adaptive.ReactiveTrader.Server.Domain.csproj", "{1348ACC4-D5B2-4328-9C80-7EC813E82CE4}"
EndProject
Project("{FAE04EC0-301F-11D3-BF4B-00C04F79EFBC}") = "Adaptive.ReactiveTrader.Tests", "Adaptive.ReactiveTrader.Tests\Adaptive.ReactiveTrader.Tests.csproj", "{BCD71EB3-CED6-476C-BE6C-0B4931BCB014}"
EndProject
Project("{2150E333-8FDC-42A3-9474-1A3956D46DE8}") = "Solution Items", "Solution Items", "{7FAD1982-E7C9-44DE-9D56-5DB7FA8BF099}"
	ProjectSection(SolutionItems) = preProject
		..\build.bat = ..\build.bat
		..\package.bat = ..\package.bat
		..\publish.bat = ..\publish.bat
		..\ReactiveTrader.proj = ..\ReactiveTrader.proj
		..\README.md = ..\README.md
	EndProjectSection
EndProject
Project("{2150E333-8FDC-42A3-9474-1A3956D46DE8}") = "Web", "Web", "{898C6D44-74AD-4EC0-84A2-A154DFD30B25}"
EndProject
Project("{FAE04EC0-301F-11D3-BF4B-00C04F79EFBC}") = "Adaptive.ReactiveTrader.Web", "Adaptive.ReactiveTrader.Web\Adaptive.ReactiveTrader.Web.csproj", "{6420729B-9168-44CF-BD25-849FAB7C81E8}"
EndProject
Project("{FAE04EC0-301F-11D3-BF4B-00C04F79EFBC}") = "Adaptive.ReactiveTrader.Shared", "Adaptive.ReactiveTrader.Shared\Adaptive.ReactiveTrader.Shared.csproj", "{B954B5A9-ABD0-469B-9397-039675BEC8F0}"
EndProject
Project("{2150E333-8FDC-42A3-9474-1A3956D46DE8}") = "Client", "Client", "{B0546294-6BC1-4EE3-BA00-BCA76D452648}"
EndProject
Project("{FAE04EC0-301F-11D3-BF4B-00C04F79EFBC}") = "Adaptive.ReactiveTrader.Client.Domain", "Adaptive.ReactiveTrader.Client.Domain\Adaptive.ReactiveTrader.Client.Domain.csproj", "{B6C8FD41-866D-4992-BB11-AD6984C25564}"
EndProject
Project("{2150E333-8FDC-42A3-9474-1A3956D46DE8}") = "Desktop", "Desktop", "{45C3AFE6-745A-4C4D-B999-5619B22DDF0E}"
EndProject
Project("{FAE04EC0-301F-11D3-BF4B-00C04F79EFBC}") = "Adaptive.ReactiveTrader.Client.GUI", "Adaptive.ReactiveTrader.Client.GUI\Adaptive.ReactiveTrader.Client.GUI.csproj", "{CA35010F-7F38-4DCF-828E-A825F1E8D525}"
EndProject
Project("{2150E333-8FDC-42A3-9474-1A3956D46DE8}") = "WinRT", "WinRT", "{4DB3B5AF-9F24-46D5-80D4-44787469408A}"
EndProject
Project("{FAE04EC0-301F-11D3-BF4B-00C04F79EFBC}") = "Adaptive.ReactiveTrader.Client", "Adaptive.ReactiveTrader.Client\Adaptive.ReactiveTrader.Client.csproj", "{A894C01A-D326-40DF-BABC-0F807EB63A21}"
EndProject
Project("{2150E333-8FDC-42A3-9474-1A3956D46DE8}") = "iOS", "iOS", "{512C5CA8-681F-420B-BBF7-7A77C6AB0FBA}"
EndProject
Project("{FAE04EC0-301F-11D3-BF4B-00C04F79EFBC}") = "Adaptive.ReactiveTrader.Client.iOS", "Adaptive.ReactiveTrader.Client.iOS\Adaptive.ReactiveTrader.Client.iOS.csproj", "{F042E77A-8D41-4025-9ED0-55A60972ECC2}"
EndProject
Global
	GlobalSection(SolutionConfigurationPlatforms) = preSolution
		Ad-Hoc|Any CPU = Ad-Hoc|Any CPU
		Ad-Hoc|ARM = Ad-Hoc|ARM
		Ad-Hoc|iPhone = Ad-Hoc|iPhone
		Ad-Hoc|iPhoneSimulator = Ad-Hoc|iPhoneSimulator
		Ad-Hoc|Mixed Platforms = Ad-Hoc|Mixed Platforms
		Ad-Hoc|x64 = Ad-Hoc|x64
		Ad-Hoc|x86 = Ad-Hoc|x86
		AppStore|Any CPU = AppStore|Any CPU
		AppStore|ARM = AppStore|ARM
		AppStore|iPhone = AppStore|iPhone
		AppStore|iPhoneSimulator = AppStore|iPhoneSimulator
		AppStore|Mixed Platforms = AppStore|Mixed Platforms
		AppStore|x64 = AppStore|x64
		AppStore|x86 = AppStore|x86
		Debug|Any CPU = Debug|Any CPU
		Debug|ARM = Debug|ARM
		Debug|iPhone = Debug|iPhone
		Debug|iPhoneSimulator = Debug|iPhoneSimulator
		Debug|Mixed Platforms = Debug|Mixed Platforms
		Debug|x64 = Debug|x64
		Debug|x86 = Debug|x86
		Release|Any CPU = Release|Any CPU
		Release|ARM = Release|ARM
		Release|iPhone = Release|iPhone
		Release|iPhoneSimulator = Release|iPhoneSimulator
		Release|Mixed Platforms = Release|Mixed Platforms
		Release|x64 = Release|x64
		Release|x86 = Release|x86
	EndGlobalSection
	GlobalSection(ProjectConfigurationPlatforms) = postSolution
		{1348ACC4-D5B2-4328-9C80-7EC813E82CE4}.Ad-Hoc|Any CPU.ActiveCfg = Release|Any CPU
		{1348ACC4-D5B2-4328-9C80-7EC813E82CE4}.Ad-Hoc|Any CPU.Build.0 = Release|Any CPU
		{1348ACC4-D5B2-4328-9C80-7EC813E82CE4}.Ad-Hoc|ARM.ActiveCfg = Release|Any CPU
		{1348ACC4-D5B2-4328-9C80-7EC813E82CE4}.Ad-Hoc|iPhone.ActiveCfg = Release|Any CPU
		{1348ACC4-D5B2-4328-9C80-7EC813E82CE4}.Ad-Hoc|iPhoneSimulator.ActiveCfg = Release|Any CPU
		{1348ACC4-D5B2-4328-9C80-7EC813E82CE4}.Ad-Hoc|Mixed Platforms.ActiveCfg = Release|Any CPU
		{1348ACC4-D5B2-4328-9C80-7EC813E82CE4}.Ad-Hoc|Mixed Platforms.Build.0 = Release|Any CPU
		{1348ACC4-D5B2-4328-9C80-7EC813E82CE4}.Ad-Hoc|x64.ActiveCfg = Release|Any CPU
		{1348ACC4-D5B2-4328-9C80-7EC813E82CE4}.Ad-Hoc|x86.ActiveCfg = Release|Any CPU
		{1348ACC4-D5B2-4328-9C80-7EC813E82CE4}.AppStore|Any CPU.ActiveCfg = Release|Any CPU
		{1348ACC4-D5B2-4328-9C80-7EC813E82CE4}.AppStore|Any CPU.Build.0 = Release|Any CPU
		{1348ACC4-D5B2-4328-9C80-7EC813E82CE4}.AppStore|ARM.ActiveCfg = Release|Any CPU
		{1348ACC4-D5B2-4328-9C80-7EC813E82CE4}.AppStore|iPhone.ActiveCfg = Release|Any CPU
		{1348ACC4-D5B2-4328-9C80-7EC813E82CE4}.AppStore|iPhoneSimulator.ActiveCfg = Release|Any CPU
		{1348ACC4-D5B2-4328-9C80-7EC813E82CE4}.AppStore|Mixed Platforms.ActiveCfg = Release|Any CPU
		{1348ACC4-D5B2-4328-9C80-7EC813E82CE4}.AppStore|Mixed Platforms.Build.0 = Release|Any CPU
		{1348ACC4-D5B2-4328-9C80-7EC813E82CE4}.AppStore|x64.ActiveCfg = Release|Any CPU
		{1348ACC4-D5B2-4328-9C80-7EC813E82CE4}.AppStore|x86.ActiveCfg = Release|Any CPU
		{1348ACC4-D5B2-4328-9C80-7EC813E82CE4}.Debug|Any CPU.ActiveCfg = Debug|Any CPU
		{1348ACC4-D5B2-4328-9C80-7EC813E82CE4}.Debug|Any CPU.Build.0 = Debug|Any CPU
		{1348ACC4-D5B2-4328-9C80-7EC813E82CE4}.Debug|ARM.ActiveCfg = Debug|Any CPU
		{1348ACC4-D5B2-4328-9C80-7EC813E82CE4}.Debug|iPhone.ActiveCfg = Debug|Any CPU
		{1348ACC4-D5B2-4328-9C80-7EC813E82CE4}.Debug|iPhoneSimulator.ActiveCfg = Debug|Any CPU
		{1348ACC4-D5B2-4328-9C80-7EC813E82CE4}.Debug|Mixed Platforms.ActiveCfg = Debug|Any CPU
		{1348ACC4-D5B2-4328-9C80-7EC813E82CE4}.Debug|Mixed Platforms.Build.0 = Debug|Any CPU
		{1348ACC4-D5B2-4328-9C80-7EC813E82CE4}.Debug|x64.ActiveCfg = Debug|Any CPU
		{1348ACC4-D5B2-4328-9C80-7EC813E82CE4}.Debug|x86.ActiveCfg = Debug|Any CPU
		{1348ACC4-D5B2-4328-9C80-7EC813E82CE4}.Release|Any CPU.ActiveCfg = Release|Any CPU
		{1348ACC4-D5B2-4328-9C80-7EC813E82CE4}.Release|Any CPU.Build.0 = Release|Any CPU
		{1348ACC4-D5B2-4328-9C80-7EC813E82CE4}.Release|ARM.ActiveCfg = Release|Any CPU
		{1348ACC4-D5B2-4328-9C80-7EC813E82CE4}.Release|iPhone.ActiveCfg = Release|Any CPU
		{1348ACC4-D5B2-4328-9C80-7EC813E82CE4}.Release|iPhoneSimulator.ActiveCfg = Release|Any CPU
		{1348ACC4-D5B2-4328-9C80-7EC813E82CE4}.Release|Mixed Platforms.ActiveCfg = Release|Any CPU
		{1348ACC4-D5B2-4328-9C80-7EC813E82CE4}.Release|Mixed Platforms.Build.0 = Release|Any CPU
		{1348ACC4-D5B2-4328-9C80-7EC813E82CE4}.Release|x64.ActiveCfg = Release|Any CPU
		{1348ACC4-D5B2-4328-9C80-7EC813E82CE4}.Release|x86.ActiveCfg = Release|Any CPU
		{6420729B-9168-44CF-BD25-849FAB7C81E8}.Ad-Hoc|Any CPU.ActiveCfg = Release|Any CPU
		{6420729B-9168-44CF-BD25-849FAB7C81E8}.Ad-Hoc|Any CPU.Build.0 = Release|Any CPU
		{6420729B-9168-44CF-BD25-849FAB7C81E8}.Ad-Hoc|ARM.ActiveCfg = Release|Any CPU
		{6420729B-9168-44CF-BD25-849FAB7C81E8}.Ad-Hoc|iPhone.ActiveCfg = Release|Any CPU
		{6420729B-9168-44CF-BD25-849FAB7C81E8}.Ad-Hoc|iPhoneSimulator.ActiveCfg = Release|Any CPU
		{6420729B-9168-44CF-BD25-849FAB7C81E8}.Ad-Hoc|Mixed Platforms.ActiveCfg = Release|Any CPU
		{6420729B-9168-44CF-BD25-849FAB7C81E8}.Ad-Hoc|Mixed Platforms.Build.0 = Release|Any CPU
		{6420729B-9168-44CF-BD25-849FAB7C81E8}.Ad-Hoc|x64.ActiveCfg = Release|Any CPU
		{6420729B-9168-44CF-BD25-849FAB7C81E8}.Ad-Hoc|x86.ActiveCfg = Release|Any CPU
		{6420729B-9168-44CF-BD25-849FAB7C81E8}.AppStore|Any CPU.ActiveCfg = Release|Any CPU
		{6420729B-9168-44CF-BD25-849FAB7C81E8}.AppStore|Any CPU.Build.0 = Release|Any CPU
		{6420729B-9168-44CF-BD25-849FAB7C81E8}.AppStore|ARM.ActiveCfg = Release|Any CPU
		{6420729B-9168-44CF-BD25-849FAB7C81E8}.AppStore|iPhone.ActiveCfg = Release|Any CPU
		{6420729B-9168-44CF-BD25-849FAB7C81E8}.AppStore|iPhoneSimulator.ActiveCfg = Release|Any CPU
		{6420729B-9168-44CF-BD25-849FAB7C81E8}.AppStore|Mixed Platforms.ActiveCfg = Release|Any CPU
		{6420729B-9168-44CF-BD25-849FAB7C81E8}.AppStore|Mixed Platforms.Build.0 = Release|Any CPU
		{6420729B-9168-44CF-BD25-849FAB7C81E8}.AppStore|x64.ActiveCfg = Release|Any CPU
		{6420729B-9168-44CF-BD25-849FAB7C81E8}.AppStore|x86.ActiveCfg = Release|Any CPU
		{6420729B-9168-44CF-BD25-849FAB7C81E8}.Debug|Any CPU.ActiveCfg = Debug|Any CPU
		{6420729B-9168-44CF-BD25-849FAB7C81E8}.Debug|Any CPU.Build.0 = Debug|Any CPU
		{6420729B-9168-44CF-BD25-849FAB7C81E8}.Debug|ARM.ActiveCfg = Debug|Any CPU
		{6420729B-9168-44CF-BD25-849FAB7C81E8}.Debug|iPhone.ActiveCfg = Debug|Any CPU
		{6420729B-9168-44CF-BD25-849FAB7C81E8}.Debug|iPhoneSimulator.ActiveCfg = Debug|Any CPU
		{6420729B-9168-44CF-BD25-849FAB7C81E8}.Debug|Mixed Platforms.ActiveCfg = Debug|Any CPU
		{6420729B-9168-44CF-BD25-849FAB7C81E8}.Debug|Mixed Platforms.Build.0 = Debug|Any CPU
		{6420729B-9168-44CF-BD25-849FAB7C81E8}.Debug|x64.ActiveCfg = Debug|Any CPU
		{6420729B-9168-44CF-BD25-849FAB7C81E8}.Debug|x86.ActiveCfg = Debug|Any CPU
		{6420729B-9168-44CF-BD25-849FAB7C81E8}.Release|Any CPU.ActiveCfg = Release|Any CPU
		{6420729B-9168-44CF-BD25-849FAB7C81E8}.Release|Any CPU.Build.0 = Release|Any CPU
		{6420729B-9168-44CF-BD25-849FAB7C81E8}.Release|ARM.ActiveCfg = Release|Any CPU
		{6420729B-9168-44CF-BD25-849FAB7C81E8}.Release|iPhone.ActiveCfg = Release|Any CPU
		{6420729B-9168-44CF-BD25-849FAB7C81E8}.Release|iPhoneSimulator.ActiveCfg = Release|Any CPU
		{6420729B-9168-44CF-BD25-849FAB7C81E8}.Release|Mixed Platforms.ActiveCfg = Release|Any CPU
		{6420729B-9168-44CF-BD25-849FAB7C81E8}.Release|Mixed Platforms.Build.0 = Release|Any CPU
		{6420729B-9168-44CF-BD25-849FAB7C81E8}.Release|x64.ActiveCfg = Release|Any CPU
		{6420729B-9168-44CF-BD25-849FAB7C81E8}.Release|x86.ActiveCfg = Release|Any CPU
		{70579FD7-DAC6-41D0-87CD-BB7D25EDA137}.Ad-Hoc|Any CPU.ActiveCfg = Release|Any CPU
		{70579FD7-DAC6-41D0-87CD-BB7D25EDA137}.Ad-Hoc|Any CPU.Build.0 = Release|Any CPU
		{70579FD7-DAC6-41D0-87CD-BB7D25EDA137}.Ad-Hoc|ARM.ActiveCfg = Release|Any CPU
		{70579FD7-DAC6-41D0-87CD-BB7D25EDA137}.Ad-Hoc|iPhone.ActiveCfg = Release|Any CPU
		{70579FD7-DAC6-41D0-87CD-BB7D25EDA137}.Ad-Hoc|iPhoneSimulator.ActiveCfg = Release|Any CPU
		{70579FD7-DAC6-41D0-87CD-BB7D25EDA137}.Ad-Hoc|Mixed Platforms.ActiveCfg = Release|Any CPU
		{70579FD7-DAC6-41D0-87CD-BB7D25EDA137}.Ad-Hoc|Mixed Platforms.Build.0 = Release|Any CPU
		{70579FD7-DAC6-41D0-87CD-BB7D25EDA137}.Ad-Hoc|x64.ActiveCfg = Release|Any CPU
		{70579FD7-DAC6-41D0-87CD-BB7D25EDA137}.Ad-Hoc|x86.ActiveCfg = Release|Any CPU
		{70579FD7-DAC6-41D0-87CD-BB7D25EDA137}.AppStore|Any CPU.ActiveCfg = Release|Any CPU
		{70579FD7-DAC6-41D0-87CD-BB7D25EDA137}.AppStore|Any CPU.Build.0 = Release|Any CPU
		{70579FD7-DAC6-41D0-87CD-BB7D25EDA137}.AppStore|ARM.ActiveCfg = Release|Any CPU
		{70579FD7-DAC6-41D0-87CD-BB7D25EDA137}.AppStore|iPhone.ActiveCfg = Release|Any CPU
		{70579FD7-DAC6-41D0-87CD-BB7D25EDA137}.AppStore|iPhoneSimulator.ActiveCfg = Release|Any CPU
		{70579FD7-DAC6-41D0-87CD-BB7D25EDA137}.AppStore|Mixed Platforms.ActiveCfg = Release|Any CPU
		{70579FD7-DAC6-41D0-87CD-BB7D25EDA137}.AppStore|Mixed Platforms.Build.0 = Release|Any CPU
		{70579FD7-DAC6-41D0-87CD-BB7D25EDA137}.AppStore|x64.ActiveCfg = Release|Any CPU
		{70579FD7-DAC6-41D0-87CD-BB7D25EDA137}.AppStore|x86.ActiveCfg = Release|Any CPU
		{70579FD7-DAC6-41D0-87CD-BB7D25EDA137}.Debug|Any CPU.ActiveCfg = Debug|Any CPU
		{70579FD7-DAC6-41D0-87CD-BB7D25EDA137}.Debug|Any CPU.Build.0 = Debug|Any CPU
		{70579FD7-DAC6-41D0-87CD-BB7D25EDA137}.Debug|ARM.ActiveCfg = Debug|Any CPU
		{70579FD7-DAC6-41D0-87CD-BB7D25EDA137}.Debug|iPhone.ActiveCfg = Debug|Any CPU
		{70579FD7-DAC6-41D0-87CD-BB7D25EDA137}.Debug|iPhoneSimulator.ActiveCfg = Debug|Any CPU
		{70579FD7-DAC6-41D0-87CD-BB7D25EDA137}.Debug|Mixed Platforms.ActiveCfg = Debug|Any CPU
		{70579FD7-DAC6-41D0-87CD-BB7D25EDA137}.Debug|Mixed Platforms.Build.0 = Debug|Any CPU
		{70579FD7-DAC6-41D0-87CD-BB7D25EDA137}.Debug|x64.ActiveCfg = Debug|Any CPU
		{70579FD7-DAC6-41D0-87CD-BB7D25EDA137}.Debug|x86.ActiveCfg = Debug|Any CPU
		{70579FD7-DAC6-41D0-87CD-BB7D25EDA137}.Release|Any CPU.ActiveCfg = Release|Any CPU
		{70579FD7-DAC6-41D0-87CD-BB7D25EDA137}.Release|Any CPU.Build.0 = Release|Any CPU
		{70579FD7-DAC6-41D0-87CD-BB7D25EDA137}.Release|ARM.ActiveCfg = Release|Any CPU
		{70579FD7-DAC6-41D0-87CD-BB7D25EDA137}.Release|iPhone.ActiveCfg = Release|Any CPU
		{70579FD7-DAC6-41D0-87CD-BB7D25EDA137}.Release|iPhoneSimulator.ActiveCfg = Release|Any CPU
		{70579FD7-DAC6-41D0-87CD-BB7D25EDA137}.Release|Mixed Platforms.ActiveCfg = Release|Any CPU
		{70579FD7-DAC6-41D0-87CD-BB7D25EDA137}.Release|Mixed Platforms.Build.0 = Release|Any CPU
		{70579FD7-DAC6-41D0-87CD-BB7D25EDA137}.Release|x64.ActiveCfg = Release|Any CPU
		{70579FD7-DAC6-41D0-87CD-BB7D25EDA137}.Release|x86.ActiveCfg = Release|Any CPU
		{A894C01A-D326-40DF-BABC-0F807EB63A21}.Ad-Hoc|Any CPU.ActiveCfg = Release|Any CPU
		{A894C01A-D326-40DF-BABC-0F807EB63A21}.Ad-Hoc|Any CPU.Build.0 = Release|Any CPU
		{A894C01A-D326-40DF-BABC-0F807EB63A21}.Ad-Hoc|ARM.ActiveCfg = Release|Any CPU
		{A894C01A-D326-40DF-BABC-0F807EB63A21}.Ad-Hoc|iPhone.ActiveCfg = Release|Any CPU
		{A894C01A-D326-40DF-BABC-0F807EB63A21}.Ad-Hoc|iPhoneSimulator.ActiveCfg = Release|Any CPU
		{A894C01A-D326-40DF-BABC-0F807EB63A21}.Ad-Hoc|Mixed Platforms.ActiveCfg = Release|Any CPU
		{A894C01A-D326-40DF-BABC-0F807EB63A21}.Ad-Hoc|Mixed Platforms.Build.0 = Release|Any CPU
		{A894C01A-D326-40DF-BABC-0F807EB63A21}.Ad-Hoc|x64.ActiveCfg = Release|Any CPU
		{A894C01A-D326-40DF-BABC-0F807EB63A21}.Ad-Hoc|x86.ActiveCfg = Release|Any CPU
		{A894C01A-D326-40DF-BABC-0F807EB63A21}.AppStore|Any CPU.ActiveCfg = Release|Any CPU
		{A894C01A-D326-40DF-BABC-0F807EB63A21}.AppStore|Any CPU.Build.0 = Release|Any CPU
		{A894C01A-D326-40DF-BABC-0F807EB63A21}.AppStore|ARM.ActiveCfg = Release|Any CPU
		{A894C01A-D326-40DF-BABC-0F807EB63A21}.AppStore|iPhone.ActiveCfg = Release|Any CPU
		{A894C01A-D326-40DF-BABC-0F807EB63A21}.AppStore|iPhoneSimulator.ActiveCfg = Release|Any CPU
		{A894C01A-D326-40DF-BABC-0F807EB63A21}.AppStore|Mixed Platforms.ActiveCfg = Release|Any CPU
		{A894C01A-D326-40DF-BABC-0F807EB63A21}.AppStore|Mixed Platforms.Build.0 = Release|Any CPU
		{A894C01A-D326-40DF-BABC-0F807EB63A21}.AppStore|x64.ActiveCfg = Release|Any CPU
		{A894C01A-D326-40DF-BABC-0F807EB63A21}.AppStore|x86.ActiveCfg = Release|Any CPU
		{A894C01A-D326-40DF-BABC-0F807EB63A21}.Debug|Any CPU.ActiveCfg = Debug|Any CPU
		{A894C01A-D326-40DF-BABC-0F807EB63A21}.Debug|Any CPU.Build.0 = Debug|Any CPU
		{A894C01A-D326-40DF-BABC-0F807EB63A21}.Debug|ARM.ActiveCfg = Debug|Any CPU
		{A894C01A-D326-40DF-BABC-0F807EB63A21}.Debug|iPhone.ActiveCfg = Debug|Any CPU
		{A894C01A-D326-40DF-BABC-0F807EB63A21}.Debug|iPhoneSimulator.ActiveCfg = Debug|Any CPU
		{A894C01A-D326-40DF-BABC-0F807EB63A21}.Debug|Mixed Platforms.ActiveCfg = Debug|Any CPU
		{A894C01A-D326-40DF-BABC-0F807EB63A21}.Debug|Mixed Platforms.Build.0 = Debug|Any CPU
		{A894C01A-D326-40DF-BABC-0F807EB63A21}.Debug|x64.ActiveCfg = Debug|Any CPU
		{A894C01A-D326-40DF-BABC-0F807EB63A21}.Debug|x86.ActiveCfg = Debug|Any CPU
		{A894C01A-D326-40DF-BABC-0F807EB63A21}.Release|Any CPU.ActiveCfg = Release|Any CPU
		{A894C01A-D326-40DF-BABC-0F807EB63A21}.Release|Any CPU.Build.0 = Release|Any CPU
		{A894C01A-D326-40DF-BABC-0F807EB63A21}.Release|ARM.ActiveCfg = Release|Any CPU
		{A894C01A-D326-40DF-BABC-0F807EB63A21}.Release|iPhone.ActiveCfg = Release|Any CPU
		{A894C01A-D326-40DF-BABC-0F807EB63A21}.Release|iPhoneSimulator.ActiveCfg = Release|Any CPU
		{A894C01A-D326-40DF-BABC-0F807EB63A21}.Release|Mixed Platforms.ActiveCfg = Release|Any CPU
		{A894C01A-D326-40DF-BABC-0F807EB63A21}.Release|Mixed Platforms.Build.0 = Release|Any CPU
		{A894C01A-D326-40DF-BABC-0F807EB63A21}.Release|x64.ActiveCfg = Release|Any CPU
		{A894C01A-D326-40DF-BABC-0F807EB63A21}.Release|x86.ActiveCfg = Release|Any CPU
		{B6C8FD41-866D-4992-BB11-AD6984C25564}.Ad-Hoc|Any CPU.ActiveCfg = Release|Any CPU
		{B6C8FD41-866D-4992-BB11-AD6984C25564}.Ad-Hoc|Any CPU.Build.0 = Release|Any CPU
		{B6C8FD41-866D-4992-BB11-AD6984C25564}.Ad-Hoc|ARM.ActiveCfg = Release|Any CPU
		{B6C8FD41-866D-4992-BB11-AD6984C25564}.Ad-Hoc|iPhone.ActiveCfg = Release|Any CPU
		{B6C8FD41-866D-4992-BB11-AD6984C25564}.Ad-Hoc|iPhoneSimulator.ActiveCfg = Release|Any CPU
		{B6C8FD41-866D-4992-BB11-AD6984C25564}.Ad-Hoc|Mixed Platforms.ActiveCfg = Release|Any CPU
		{B6C8FD41-866D-4992-BB11-AD6984C25564}.Ad-Hoc|Mixed Platforms.Build.0 = Release|Any CPU
		{B6C8FD41-866D-4992-BB11-AD6984C25564}.Ad-Hoc|x64.ActiveCfg = Release|Any CPU
		{B6C8FD41-866D-4992-BB11-AD6984C25564}.Ad-Hoc|x86.ActiveCfg = Release|Any CPU
		{B6C8FD41-866D-4992-BB11-AD6984C25564}.AppStore|Any CPU.ActiveCfg = Release|Any CPU
		{B6C8FD41-866D-4992-BB11-AD6984C25564}.AppStore|Any CPU.Build.0 = Release|Any CPU
		{B6C8FD41-866D-4992-BB11-AD6984C25564}.AppStore|ARM.ActiveCfg = Release|Any CPU
		{B6C8FD41-866D-4992-BB11-AD6984C25564}.AppStore|iPhone.ActiveCfg = Release|Any CPU
		{B6C8FD41-866D-4992-BB11-AD6984C25564}.AppStore|iPhoneSimulator.ActiveCfg = Release|Any CPU
		{B6C8FD41-866D-4992-BB11-AD6984C25564}.AppStore|Mixed Platforms.ActiveCfg = Release|Any CPU
		{B6C8FD41-866D-4992-BB11-AD6984C25564}.AppStore|Mixed Platforms.Build.0 = Release|Any CPU
		{B6C8FD41-866D-4992-BB11-AD6984C25564}.AppStore|x64.ActiveCfg = Release|Any CPU
		{B6C8FD41-866D-4992-BB11-AD6984C25564}.AppStore|x86.ActiveCfg = Release|Any CPU
		{B6C8FD41-866D-4992-BB11-AD6984C25564}.Debug|Any CPU.ActiveCfg = Debug|Any CPU
		{B6C8FD41-866D-4992-BB11-AD6984C25564}.Debug|Any CPU.Build.0 = Debug|Any CPU
		{B6C8FD41-866D-4992-BB11-AD6984C25564}.Debug|ARM.ActiveCfg = Debug|Any CPU
		{B6C8FD41-866D-4992-BB11-AD6984C25564}.Debug|iPhone.ActiveCfg = Debug|Any CPU
		{B6C8FD41-866D-4992-BB11-AD6984C25564}.Debug|iPhoneSimulator.ActiveCfg = Debug|Any CPU
		{B6C8FD41-866D-4992-BB11-AD6984C25564}.Debug|Mixed Platforms.ActiveCfg = Debug|Any CPU
		{B6C8FD41-866D-4992-BB11-AD6984C25564}.Debug|Mixed Platforms.Build.0 = Debug|Any CPU
		{B6C8FD41-866D-4992-BB11-AD6984C25564}.Debug|x64.ActiveCfg = Debug|Any CPU
		{B6C8FD41-866D-4992-BB11-AD6984C25564}.Debug|x86.ActiveCfg = Debug|Any CPU
		{B6C8FD41-866D-4992-BB11-AD6984C25564}.Release|Any CPU.ActiveCfg = Release|Any CPU
		{B6C8FD41-866D-4992-BB11-AD6984C25564}.Release|Any CPU.Build.0 = Release|Any CPU
		{B6C8FD41-866D-4992-BB11-AD6984C25564}.Release|ARM.ActiveCfg = Release|Any CPU
		{B6C8FD41-866D-4992-BB11-AD6984C25564}.Release|iPhone.ActiveCfg = Release|Any CPU
		{B6C8FD41-866D-4992-BB11-AD6984C25564}.Release|iPhoneSimulator.ActiveCfg = Release|Any CPU
		{B6C8FD41-866D-4992-BB11-AD6984C25564}.Release|Mixed Platforms.ActiveCfg = Release|Any CPU
		{B6C8FD41-866D-4992-BB11-AD6984C25564}.Release|Mixed Platforms.Build.0 = Release|Any CPU
		{B6C8FD41-866D-4992-BB11-AD6984C25564}.Release|x64.ActiveCfg = Release|Any CPU
		{B6C8FD41-866D-4992-BB11-AD6984C25564}.Release|x86.ActiveCfg = Release|Any CPU
		{B954B5A9-ABD0-469B-9397-039675BEC8F0}.Ad-Hoc|Any CPU.ActiveCfg = Release|Any CPU
		{B954B5A9-ABD0-469B-9397-039675BEC8F0}.Ad-Hoc|Any CPU.Build.0 = Release|Any CPU
		{B954B5A9-ABD0-469B-9397-039675BEC8F0}.Ad-Hoc|ARM.ActiveCfg = Release|Any CPU
		{B954B5A9-ABD0-469B-9397-039675BEC8F0}.Ad-Hoc|iPhone.ActiveCfg = Release|Any CPU
		{B954B5A9-ABD0-469B-9397-039675BEC8F0}.Ad-Hoc|iPhoneSimulator.ActiveCfg = Release|Any CPU
		{B954B5A9-ABD0-469B-9397-039675BEC8F0}.Ad-Hoc|Mixed Platforms.ActiveCfg = Release|Any CPU
		{B954B5A9-ABD0-469B-9397-039675BEC8F0}.Ad-Hoc|Mixed Platforms.Build.0 = Release|Any CPU
		{B954B5A9-ABD0-469B-9397-039675BEC8F0}.Ad-Hoc|x64.ActiveCfg = Release|Any CPU
		{B954B5A9-ABD0-469B-9397-039675BEC8F0}.Ad-Hoc|x86.ActiveCfg = Release|Any CPU
		{B954B5A9-ABD0-469B-9397-039675BEC8F0}.AppStore|Any CPU.ActiveCfg = Release|Any CPU
		{B954B5A9-ABD0-469B-9397-039675BEC8F0}.AppStore|Any CPU.Build.0 = Release|Any CPU
		{B954B5A9-ABD0-469B-9397-039675BEC8F0}.AppStore|ARM.ActiveCfg = Release|Any CPU
		{B954B5A9-ABD0-469B-9397-039675BEC8F0}.AppStore|iPhone.ActiveCfg = Release|Any CPU
		{B954B5A9-ABD0-469B-9397-039675BEC8F0}.AppStore|iPhoneSimulator.ActiveCfg = Release|Any CPU
		{B954B5A9-ABD0-469B-9397-039675BEC8F0}.AppStore|Mixed Platforms.ActiveCfg = Release|Any CPU
		{B954B5A9-ABD0-469B-9397-039675BEC8F0}.AppStore|Mixed Platforms.Build.0 = Release|Any CPU
		{B954B5A9-ABD0-469B-9397-039675BEC8F0}.AppStore|x64.ActiveCfg = Release|Any CPU
		{B954B5A9-ABD0-469B-9397-039675BEC8F0}.AppStore|x86.ActiveCfg = Release|Any CPU
		{B954B5A9-ABD0-469B-9397-039675BEC8F0}.Debug|Any CPU.ActiveCfg = Debug|Any CPU
		{B954B5A9-ABD0-469B-9397-039675BEC8F0}.Debug|Any CPU.Build.0 = Debug|Any CPU
		{B954B5A9-ABD0-469B-9397-039675BEC8F0}.Debug|ARM.ActiveCfg = Debug|Any CPU
		{B954B5A9-ABD0-469B-9397-039675BEC8F0}.Debug|iPhone.ActiveCfg = Debug|Any CPU
		{B954B5A9-ABD0-469B-9397-039675BEC8F0}.Debug|iPhoneSimulator.ActiveCfg = Debug|Any CPU
		{B954B5A9-ABD0-469B-9397-039675BEC8F0}.Debug|Mixed Platforms.ActiveCfg = Debug|Any CPU
		{B954B5A9-ABD0-469B-9397-039675BEC8F0}.Debug|Mixed Platforms.Build.0 = Debug|Any CPU
		{B954B5A9-ABD0-469B-9397-039675BEC8F0}.Debug|x64.ActiveCfg = Debug|Any CPU
		{B954B5A9-ABD0-469B-9397-039675BEC8F0}.Debug|x86.ActiveCfg = Debug|Any CPU
		{B954B5A9-ABD0-469B-9397-039675BEC8F0}.Release|Any CPU.ActiveCfg = Release|Any CPU
		{B954B5A9-ABD0-469B-9397-039675BEC8F0}.Release|Any CPU.Build.0 = Release|Any CPU
		{B954B5A9-ABD0-469B-9397-039675BEC8F0}.Release|ARM.ActiveCfg = Release|Any CPU
		{B954B5A9-ABD0-469B-9397-039675BEC8F0}.Release|iPhone.ActiveCfg = Release|Any CPU
		{B954B5A9-ABD0-469B-9397-039675BEC8F0}.Release|iPhoneSimulator.ActiveCfg = Release|Any CPU
		{B954B5A9-ABD0-469B-9397-039675BEC8F0}.Release|Mixed Platforms.ActiveCfg = Release|Any CPU
		{B954B5A9-ABD0-469B-9397-039675BEC8F0}.Release|Mixed Platforms.Build.0 = Release|Any CPU
		{B954B5A9-ABD0-469B-9397-039675BEC8F0}.Release|x64.ActiveCfg = Release|Any CPU
		{B954B5A9-ABD0-469B-9397-039675BEC8F0}.Release|x86.ActiveCfg = Release|Any CPU
		{BCD71EB3-CED6-476C-BE6C-0B4931BCB014}.Ad-Hoc|Any CPU.ActiveCfg = Release|Any CPU
		{BCD71EB3-CED6-476C-BE6C-0B4931BCB014}.Ad-Hoc|Any CPU.Build.0 = Release|Any CPU
		{BCD71EB3-CED6-476C-BE6C-0B4931BCB014}.Ad-Hoc|ARM.ActiveCfg = Release|Any CPU
		{BCD71EB3-CED6-476C-BE6C-0B4931BCB014}.Ad-Hoc|iPhone.ActiveCfg = Release|Any CPU
		{BCD71EB3-CED6-476C-BE6C-0B4931BCB014}.Ad-Hoc|iPhoneSimulator.ActiveCfg = Release|Any CPU
		{BCD71EB3-CED6-476C-BE6C-0B4931BCB014}.Ad-Hoc|Mixed Platforms.ActiveCfg = Release|Any CPU
		{BCD71EB3-CED6-476C-BE6C-0B4931BCB014}.Ad-Hoc|Mixed Platforms.Build.0 = Release|Any CPU
		{BCD71EB3-CED6-476C-BE6C-0B4931BCB014}.Ad-Hoc|x64.ActiveCfg = Release|Any CPU
		{BCD71EB3-CED6-476C-BE6C-0B4931BCB014}.Ad-Hoc|x86.ActiveCfg = Release|Any CPU
		{BCD71EB3-CED6-476C-BE6C-0B4931BCB014}.AppStore|Any CPU.ActiveCfg = Release|Any CPU
		{BCD71EB3-CED6-476C-BE6C-0B4931BCB014}.AppStore|Any CPU.Build.0 = Release|Any CPU
		{BCD71EB3-CED6-476C-BE6C-0B4931BCB014}.AppStore|ARM.ActiveCfg = Release|Any CPU
		{BCD71EB3-CED6-476C-BE6C-0B4931BCB014}.AppStore|iPhone.ActiveCfg = Release|Any CPU
		{BCD71EB3-CED6-476C-BE6C-0B4931BCB014}.AppStore|iPhoneSimulator.ActiveCfg = Release|Any CPU
		{BCD71EB3-CED6-476C-BE6C-0B4931BCB014}.AppStore|Mixed Platforms.ActiveCfg = Release|Any CPU
		{BCD71EB3-CED6-476C-BE6C-0B4931BCB014}.AppStore|Mixed Platforms.Build.0 = Release|Any CPU
		{BCD71EB3-CED6-476C-BE6C-0B4931BCB014}.AppStore|x64.ActiveCfg = Release|Any CPU
		{BCD71EB3-CED6-476C-BE6C-0B4931BCB014}.AppStore|x86.ActiveCfg = Release|Any CPU
		{BCD71EB3-CED6-476C-BE6C-0B4931BCB014}.Debug|Any CPU.ActiveCfg = Debug|Any CPU
		{BCD71EB3-CED6-476C-BE6C-0B4931BCB014}.Debug|Any CPU.Build.0 = Debug|Any CPU
		{BCD71EB3-CED6-476C-BE6C-0B4931BCB014}.Debug|ARM.ActiveCfg = Debug|Any CPU
		{BCD71EB3-CED6-476C-BE6C-0B4931BCB014}.Debug|iPhone.ActiveCfg = Debug|Any CPU
		{BCD71EB3-CED6-476C-BE6C-0B4931BCB014}.Debug|iPhoneSimulator.ActiveCfg = Debug|Any CPU
		{BCD71EB3-CED6-476C-BE6C-0B4931BCB014}.Debug|Mixed Platforms.ActiveCfg = Debug|Any CPU
		{BCD71EB3-CED6-476C-BE6C-0B4931BCB014}.Debug|Mixed Platforms.Build.0 = Debug|Any CPU
		{BCD71EB3-CED6-476C-BE6C-0B4931BCB014}.Debug|x64.ActiveCfg = Debug|Any CPU
		{BCD71EB3-CED6-476C-BE6C-0B4931BCB014}.Debug|x86.ActiveCfg = Debug|Any CPU
		{BCD71EB3-CED6-476C-BE6C-0B4931BCB014}.Release|Any CPU.ActiveCfg = Release|Any CPU
		{BCD71EB3-CED6-476C-BE6C-0B4931BCB014}.Release|Any CPU.Build.0 = Release|Any CPU
		{BCD71EB3-CED6-476C-BE6C-0B4931BCB014}.Release|ARM.ActiveCfg = Release|Any CPU
		{BCD71EB3-CED6-476C-BE6C-0B4931BCB014}.Release|iPhone.ActiveCfg = Release|Any CPU
		{BCD71EB3-CED6-476C-BE6C-0B4931BCB014}.Release|iPhoneSimulator.ActiveCfg = Release|Any CPU
		{BCD71EB3-CED6-476C-BE6C-0B4931BCB014}.Release|Mixed Platforms.ActiveCfg = Release|Any CPU
		{BCD71EB3-CED6-476C-BE6C-0B4931BCB014}.Release|Mixed Platforms.Build.0 = Release|Any CPU
		{BCD71EB3-CED6-476C-BE6C-0B4931BCB014}.Release|x64.ActiveCfg = Release|Any CPU
		{BCD71EB3-CED6-476C-BE6C-0B4931BCB014}.Release|x86.ActiveCfg = Release|Any CPU
		{CA35010F-7F38-4DCF-828E-A825F1E8D525}.Ad-Hoc|Any CPU.ActiveCfg = Release|Any CPU
		{CA35010F-7F38-4DCF-828E-A825F1E8D525}.Ad-Hoc|Any CPU.Build.0 = Release|Any CPU
		{CA35010F-7F38-4DCF-828E-A825F1E8D525}.Ad-Hoc|ARM.ActiveCfg = Release|Any CPU
		{CA35010F-7F38-4DCF-828E-A825F1E8D525}.Ad-Hoc|iPhone.ActiveCfg = Release|Any CPU
		{CA35010F-7F38-4DCF-828E-A825F1E8D525}.Ad-Hoc|iPhoneSimulator.ActiveCfg = Release|Any CPU
		{CA35010F-7F38-4DCF-828E-A825F1E8D525}.Ad-Hoc|Mixed Platforms.ActiveCfg = Release|Any CPU
		{CA35010F-7F38-4DCF-828E-A825F1E8D525}.Ad-Hoc|Mixed Platforms.Build.0 = Release|Any CPU
		{CA35010F-7F38-4DCF-828E-A825F1E8D525}.Ad-Hoc|x64.ActiveCfg = Release|Any CPU
		{CA35010F-7F38-4DCF-828E-A825F1E8D525}.Ad-Hoc|x86.ActiveCfg = Release|Any CPU
		{CA35010F-7F38-4DCF-828E-A825F1E8D525}.AppStore|Any CPU.ActiveCfg = Release|Any CPU
		{CA35010F-7F38-4DCF-828E-A825F1E8D525}.AppStore|Any CPU.Build.0 = Release|Any CPU
		{CA35010F-7F38-4DCF-828E-A825F1E8D525}.AppStore|ARM.ActiveCfg = Release|Any CPU
		{CA35010F-7F38-4DCF-828E-A825F1E8D525}.AppStore|iPhone.ActiveCfg = Release|Any CPU
		{CA35010F-7F38-4DCF-828E-A825F1E8D525}.AppStore|iPhoneSimulator.ActiveCfg = Release|Any CPU
		{CA35010F-7F38-4DCF-828E-A825F1E8D525}.AppStore|Mixed Platforms.ActiveCfg = Release|Any CPU
		{CA35010F-7F38-4DCF-828E-A825F1E8D525}.AppStore|Mixed Platforms.Build.0 = Release|Any CPU
		{CA35010F-7F38-4DCF-828E-A825F1E8D525}.AppStore|x64.ActiveCfg = Release|Any CPU
		{CA35010F-7F38-4DCF-828E-A825F1E8D525}.AppStore|x86.ActiveCfg = Release|Any CPU
		{CA35010F-7F38-4DCF-828E-A825F1E8D525}.Debug|Any CPU.ActiveCfg = Debug|Any CPU
		{CA35010F-7F38-4DCF-828E-A825F1E8D525}.Debug|Any CPU.Build.0 = Debug|Any CPU
		{CA35010F-7F38-4DCF-828E-A825F1E8D525}.Debug|ARM.ActiveCfg = Debug|Any CPU
		{CA35010F-7F38-4DCF-828E-A825F1E8D525}.Debug|iPhone.ActiveCfg = Debug|Any CPU
		{CA35010F-7F38-4DCF-828E-A825F1E8D525}.Debug|iPhoneSimulator.ActiveCfg = Debug|Any CPU
		{CA35010F-7F38-4DCF-828E-A825F1E8D525}.Debug|Mixed Platforms.ActiveCfg = Debug|Any CPU
		{CA35010F-7F38-4DCF-828E-A825F1E8D525}.Debug|Mixed Platforms.Build.0 = Debug|Any CPU
		{CA35010F-7F38-4DCF-828E-A825F1E8D525}.Debug|x64.ActiveCfg = Debug|Any CPU
		{CA35010F-7F38-4DCF-828E-A825F1E8D525}.Debug|x86.ActiveCfg = Debug|Any CPU
		{CA35010F-7F38-4DCF-828E-A825F1E8D525}.Release|Any CPU.ActiveCfg = Release|Any CPU
		{CA35010F-7F38-4DCF-828E-A825F1E8D525}.Release|Any CPU.Build.0 = Release|Any CPU
		{CA35010F-7F38-4DCF-828E-A825F1E8D525}.Release|ARM.ActiveCfg = Release|Any CPU
		{CA35010F-7F38-4DCF-828E-A825F1E8D525}.Release|iPhone.ActiveCfg = Release|Any CPU
		{CA35010F-7F38-4DCF-828E-A825F1E8D525}.Release|iPhoneSimulator.ActiveCfg = Release|Any CPU
		{CA35010F-7F38-4DCF-828E-A825F1E8D525}.Release|Mixed Platforms.ActiveCfg = Release|Any CPU
		{CA35010F-7F38-4DCF-828E-A825F1E8D525}.Release|Mixed Platforms.Build.0 = Release|Any CPU
		{CA35010F-7F38-4DCF-828E-A825F1E8D525}.Release|x64.ActiveCfg = Release|Any CPU
		{CA35010F-7F38-4DCF-828E-A825F1E8D525}.Release|x86.ActiveCfg = Release|Any CPU
		{F042E77A-8D41-4025-9ED0-55A60972ECC2}.Ad-Hoc|Any CPU.ActiveCfg = Ad-Hoc|iPhone
		{F042E77A-8D41-4025-9ED0-55A60972ECC2}.Ad-Hoc|ARM.ActiveCfg = Ad-Hoc|iPhone
		{F042E77A-8D41-4025-9ED0-55A60972ECC2}.Ad-Hoc|iPhone.ActiveCfg = Ad-Hoc|iPhone
		{F042E77A-8D41-4025-9ED0-55A60972ECC2}.Ad-Hoc|iPhone.Build.0 = Ad-Hoc|iPhone
		{F042E77A-8D41-4025-9ED0-55A60972ECC2}.Ad-Hoc|iPhone.Deploy.0 = Ad-Hoc|iPhone
		{F042E77A-8D41-4025-9ED0-55A60972ECC2}.Ad-Hoc|iPhoneSimulator.ActiveCfg = Ad-Hoc|iPhoneSimulator
		{F042E77A-8D41-4025-9ED0-55A60972ECC2}.Ad-Hoc|iPhoneSimulator.Build.0 = Ad-Hoc|iPhoneSimulator
		{F042E77A-8D41-4025-9ED0-55A60972ECC2}.Ad-Hoc|iPhoneSimulator.Deploy.0 = Ad-Hoc|iPhoneSimulator
		{F042E77A-8D41-4025-9ED0-55A60972ECC2}.Ad-Hoc|Mixed Platforms.ActiveCfg = Ad-Hoc|iPhone
		{F042E77A-8D41-4025-9ED0-55A60972ECC2}.Ad-Hoc|Mixed Platforms.Build.0 = Ad-Hoc|iPhone
		{F042E77A-8D41-4025-9ED0-55A60972ECC2}.Ad-Hoc|Mixed Platforms.Deploy.0 = Ad-Hoc|iPhone
		{F042E77A-8D41-4025-9ED0-55A60972ECC2}.Ad-Hoc|x64.ActiveCfg = Ad-Hoc|iPhone
		{F042E77A-8D41-4025-9ED0-55A60972ECC2}.Ad-Hoc|x86.ActiveCfg = Ad-Hoc|iPhone
		{F042E77A-8D41-4025-9ED0-55A60972ECC2}.AppStore|Any CPU.ActiveCfg = AppStore|iPhone
		{F042E77A-8D41-4025-9ED0-55A60972ECC2}.AppStore|ARM.ActiveCfg = AppStore|iPhone
		{F042E77A-8D41-4025-9ED0-55A60972ECC2}.AppStore|iPhone.ActiveCfg = AppStore|iPhone
		{F042E77A-8D41-4025-9ED0-55A60972ECC2}.AppStore|iPhone.Build.0 = AppStore|iPhone
		{F042E77A-8D41-4025-9ED0-55A60972ECC2}.AppStore|iPhone.Deploy.0 = AppStore|iPhone
		{F042E77A-8D41-4025-9ED0-55A60972ECC2}.AppStore|iPhoneSimulator.ActiveCfg = AppStore|iPhoneSimulator
		{F042E77A-8D41-4025-9ED0-55A60972ECC2}.AppStore|iPhoneSimulator.Build.0 = AppStore|iPhoneSimulator
		{F042E77A-8D41-4025-9ED0-55A60972ECC2}.AppStore|iPhoneSimulator.Deploy.0 = AppStore|iPhoneSimulator
		{F042E77A-8D41-4025-9ED0-55A60972ECC2}.AppStore|Mixed Platforms.ActiveCfg = AppStore|iPhone
		{F042E77A-8D41-4025-9ED0-55A60972ECC2}.AppStore|Mixed Platforms.Build.0 = AppStore|iPhone
		{F042E77A-8D41-4025-9ED0-55A60972ECC2}.AppStore|Mixed Platforms.Deploy.0 = AppStore|iPhone
		{F042E77A-8D41-4025-9ED0-55A60972ECC2}.AppStore|x64.ActiveCfg = AppStore|iPhone
		{F042E77A-8D41-4025-9ED0-55A60972ECC2}.AppStore|x86.ActiveCfg = AppStore|iPhone
		{F042E77A-8D41-4025-9ED0-55A60972ECC2}.Debug|Any CPU.ActiveCfg = Debug|iPhone
		{F042E77A-8D41-4025-9ED0-55A60972ECC2}.Debug|ARM.ActiveCfg = Debug|iPhone
		{F042E77A-8D41-4025-9ED0-55A60972ECC2}.Debug|iPhone.ActiveCfg = Debug|iPhone
		{F042E77A-8D41-4025-9ED0-55A60972ECC2}.Debug|iPhone.Build.0 = Debug|iPhone
		{F042E77A-8D41-4025-9ED0-55A60972ECC2}.Debug|iPhone.Deploy.0 = Debug|iPhone
		{F042E77A-8D41-4025-9ED0-55A60972ECC2}.Debug|iPhoneSimulator.ActiveCfg = Debug|iPhoneSimulator
		{F042E77A-8D41-4025-9ED0-55A60972ECC2}.Debug|iPhoneSimulator.Build.0 = Debug|iPhoneSimulator
		{F042E77A-8D41-4025-9ED0-55A60972ECC2}.Debug|iPhoneSimulator.Deploy.0 = Debug|iPhoneSimulator
		{F042E77A-8D41-4025-9ED0-55A60972ECC2}.Debug|Mixed Platforms.ActiveCfg = Debug|iPhone
		{F042E77A-8D41-4025-9ED0-55A60972ECC2}.Debug|Mixed Platforms.Build.0 = Debug|iPhone
		{F042E77A-8D41-4025-9ED0-55A60972ECC2}.Debug|Mixed Platforms.Deploy.0 = Debug|iPhone
		{F042E77A-8D41-4025-9ED0-55A60972ECC2}.Debug|x64.ActiveCfg = Debug|iPhone
		{F042E77A-8D41-4025-9ED0-55A60972ECC2}.Debug|x86.ActiveCfg = Debug|iPhone
		{F042E77A-8D41-4025-9ED0-55A60972ECC2}.Release|Any CPU.ActiveCfg = Release|iPhone
		{F042E77A-8D41-4025-9ED0-55A60972ECC2}.Release|ARM.ActiveCfg = Release|iPhone
		{F042E77A-8D41-4025-9ED0-55A60972ECC2}.Release|iPhone.ActiveCfg = Release|iPhone
		{F042E77A-8D41-4025-9ED0-55A60972ECC2}.Release|iPhone.Build.0 = Release|iPhone
		{F042E77A-8D41-4025-9ED0-55A60972ECC2}.Release|iPhone.Deploy.0 = Release|iPhone
		{F042E77A-8D41-4025-9ED0-55A60972ECC2}.Release|iPhoneSimulator.ActiveCfg = Release|iPhoneSimulator
		{F042E77A-8D41-4025-9ED0-55A60972ECC2}.Release|iPhoneSimulator.Build.0 = Release|iPhoneSimulator
		{F042E77A-8D41-4025-9ED0-55A60972ECC2}.Release|iPhoneSimulator.Deploy.0 = Release|iPhoneSimulator
		{F042E77A-8D41-4025-9ED0-55A60972ECC2}.Release|Mixed Platforms.ActiveCfg = Release|iPhone
		{F042E77A-8D41-4025-9ED0-55A60972ECC2}.Release|Mixed Platforms.Build.0 = Release|iPhone
		{F042E77A-8D41-4025-9ED0-55A60972ECC2}.Release|Mixed Platforms.Deploy.0 = Release|iPhone
		{F042E77A-8D41-4025-9ED0-55A60972ECC2}.Release|x64.ActiveCfg = Release|iPhone
		{F042E77A-8D41-4025-9ED0-55A60972ECC2}.Release|x86.ActiveCfg = Release|iPhone
	EndGlobalSection
	GlobalSection(NestedProjects) = preSolution
		{70579FD7-DAC6-41D0-87CD-BB7D25EDA137} = {45F076B4-7668-4889-BC7C-053165AE47DE}
		{1348ACC4-D5B2-4328-9C80-7EC813E82CE4} = {45F076B4-7668-4889-BC7C-053165AE47DE}
		{6420729B-9168-44CF-BD25-849FAB7C81E8} = {898C6D44-74AD-4EC0-84A2-A154DFD30B25}
		{B6C8FD41-866D-4992-BB11-AD6984C25564} = {B0546294-6BC1-4EE3-BA00-BCA76D452648}
		{45C3AFE6-745A-4C4D-B999-5619B22DDF0E} = {B0546294-6BC1-4EE3-BA00-BCA76D452648}
		{4DB3B5AF-9F24-46D5-80D4-44787469408A} = {B0546294-6BC1-4EE3-BA00-BCA76D452648}
		{A894C01A-D326-40DF-BABC-0F807EB63A21} = {B0546294-6BC1-4EE3-BA00-BCA76D452648}
		{512C5CA8-681F-420B-BBF7-7A77C6AB0FBA} = {B0546294-6BC1-4EE3-BA00-BCA76D452648}
		{CA35010F-7F38-4DCF-828E-A825F1E8D525} = {45C3AFE6-745A-4C4D-B999-5619B22DDF0E}
		{F042E77A-8D41-4025-9ED0-55A60972ECC2} = {512C5CA8-681F-420B-BBF7-7A77C6AB0FBA}
	EndGlobalSection
	GlobalSection(MonoDevelopProperties) = preSolution
		StartupItem = Adaptive.ReactiveTrader.Client.iOS\Adaptive.ReactiveTrader.Client.iOS.csproj
	EndGlobalSection
	GlobalSection(SolutionProperties) = preSolution
		HideSolutionNode = FALSE
	EndGlobalSection
EndGlobal
